
Microsoft Visual Studio Solution File, Format Version 12.00
# Visual Studio 15
VisualStudioVersion = 15.0.27703.2042
MinimumVisualStudioVersion = 10.0.40219.1
Project("{9A19103F-16F7-4668-BE54-9A1E7A4F7556}") = "InputEvent", "Input-event\InputEvent.csproj", "{10313E67-A5BA-4ACA-9565-7C4F5E768FCB}"
EndProject
Project("{FAE04EC0-301F-11D3-BF4B-00C04F79EFBC}") = "EFLManagementAPI", "EFLManagementAPI\EFLManagementAPI.csproj", "{4EF5A346-C67E-4031-9659-5057D2EEF5D8}"
EndProject
Project("{E53339B2-1760-4266-BCC7-CA923CBCF16C}") = "docker-compose", "docker-compose.dcproj", "{30972C32-F8CF-4B97-A1C1-01DFB25B6FDB}"
EndProject
Global
	GlobalSection(SolutionConfigurationPlatforms) = preSolution
		Debug|Any CPU = Debug|Any CPU
		Release|Any CPU = Release|Any CPU
	EndGlobalSection
	GlobalSection(ProjectConfigurationPlatforms) = postSolution
		{10313E67-A5BA-4ACA-9565-7C4F5E768FCB}.Debug|Any CPU.ActiveCfg = Debug|Any CPU
		{10313E67-A5BA-4ACA-9565-7C4F5E768FCB}.Debug|Any CPU.Build.0 = Debug|Any CPU
		{10313E67-A5BA-4ACA-9565-7C4F5E768FCB}.Release|Any CPU.ActiveCfg = Release|Any CPU
		{10313E67-A5BA-4ACA-9565-7C4F5E768FCB}.Release|Any CPU.Build.0 = Release|Any CPU
		{4EF5A346-C67E-4031-9659-5057D2EEF5D8}.Debug|Any CPU.ActiveCfg = Debug|Any CPU
		{4EF5A346-C67E-4031-9659-5057D2EEF5D8}.Debug|Any CPU.Build.0 = Debug|Any CPU
		{4EF5A346-C67E-4031-9659-5057D2EEF5D8}.Release|Any CPU.ActiveCfg = Release|Any CPU
		{4EF5A346-C67E-4031-9659-5057D2EEF5D8}.Release|Any CPU.Build.0 = Release|Any CPU
		{30972C32-F8CF-4B97-A1C1-01DFB25B6FDB}.Debug|Any CPU.ActiveCfg = Debug|Any CPU
		{30972C32-F8CF-4B97-A1C1-01DFB25B6FDB}.Debug|Any CPU.Build.0 = Debug|Any CPU
		{30972C32-F8CF-4B97-A1C1-01DFB25B6FDB}.Release|Any CPU.ActiveCfg = Release|Any CPU
		{30972C32-F8CF-4B97-A1C1-01DFB25B6FDB}.Release|Any CPU.Build.0 = Release|Any CPU
	EndGlobalSection
	GlobalSection(SolutionProperties) = preSolution
		HideSolutionNode = FALSE
	EndGlobalSection
	GlobalSection(ExtensibilityGlobals) = postSolution
		SolutionGuid = {89AD356B-0F8B-4508-9F55-F1C99CFD7E10}
	EndGlobalSection
EndGlobal
